
Microsoft Visual Studio Solution File, Format Version 12.00
# Visual Studio Version 16
VisualStudioVersion = 16.0.31624.102
MinimumVisualStudioVersion = 10.0.40219.1
Project("{FAE04EC0-301F-11D3-BF4B-00C04F79EFBC}") = "Singleton", "Singleton.csproj", "{38C6A4EB-7032-4CEA-B4D1-20528C852E4F}"
EndProject
Global
	GlobalSection(SolutionConfigurationPlatforms) = preSolution
		Debug|Any CPU = Debug|Any CPU
		Release|Any CPU = Release|Any CPU
	EndGlobalSection
	GlobalSection(ProjectConfigurationPlatforms) = postSolution
		{38C6A4EB-7032-4CEA-B4D1-20528C852E4F}.Debug|Any CPU.ActiveCfg = Debug|Any CPU
		{38C6A4EB-7032-4CEA-B4D1-20528C852E4F}.Debug|Any CPU.Build.0 = Debug|Any CPU
		{38C6A4EB-7032-4CEA-B4D1-20528C852E4F}.Release|Any CPU.ActiveCfg = Release|Any CPU
		{38C6A4EB-7032-4CEA-B4D1-20528C852E4F}.Release|Any CPU.Build.0 = Release|Any CPU
	EndGlobalSection
	GlobalSection(SolutionProperties) = preSolution
		HideSolutionNode = FALSE
	EndGlobalSection
	GlobalSection(ExtensibilityGlobals) = postSolution
		SolutionGuid = {8BB54B91-054D-4776-97B5-8BB625C2D8EF}
	EndGlobalSection
EndGlobal
